
Microsoft Visual Studio Solution File, Format Version 12.00
# Visual Studio Version 16
VisualStudioVersion = 16.0.31410.357
MinimumVisualStudioVersion = 10.0.40219.1
Project("{9A19103F-16F7-4668-BE54-9A1E7A4F7556}") = "WebApi", "WebApi\WebApi.csproj", "{3463AB74-42C1-492A-9619-B2B71DFCAF12}"
EndProject
Project("{FAE04EC0-301F-11D3-BF4B-00C04F79EFBC}") = "WebApi.UnitTests", "WebApi.UnitTests\WebApi.UnitTests.csproj", "{BC186674-B169-4F02-AE80-C308503DC6F8}"
EndProject
Project("{2150E333-8FDC-42A3-9474-1A3956D46DE8}") = "Tests", "Tests", "{F242C5B4-A12E-4F3A-AC59-5F4AA36CDC5F}"
EndProject
Global
	GlobalSection(SolutionConfigurationPlatforms) = preSolution
		Debug|Any CPU = Debug|Any CPU
		Release|Any CPU = Release|Any CPU
	EndGlobalSection
	GlobalSection(ProjectConfigurationPlatforms) = postSolution
		{3463AB74-42C1-492A-9619-B2B71DFCAF12}.Debug|Any CPU.ActiveCfg = Debug|Any CPU
		{3463AB74-42C1-492A-9619-B2B71DFCAF12}.Debug|Any CPU.Build.0 = Debug|Any CPU
		{3463AB74-42C1-492A-9619-B2B71DFCAF12}.Release|Any CPU.ActiveCfg = Release|Any CPU
		{3463AB74-42C1-492A-9619-B2B71DFCAF12}.Release|Any CPU.Build.0 = Release|Any CPU
		{BC186674-B169-4F02-AE80-C308503DC6F8}.Debug|Any CPU.ActiveCfg = Debug|Any CPU
		{BC186674-B169-4F02-AE80-C308503DC6F8}.Debug|Any CPU.Build.0 = Debug|Any CPU
		{BC186674-B169-4F02-AE80-C308503DC6F8}.Release|Any CPU.ActiveCfg = Release|Any CPU
		{BC186674-B169-4F02-AE80-C308503DC6F8}.Release|Any CPU.Build.0 = Release|Any CPU
	EndGlobalSection
	GlobalSection(SolutionProperties) = preSolution
		HideSolutionNode = FALSE
	EndGlobalSection
	GlobalSection(NestedProjects) = preSolution
		{BC186674-B169-4F02-AE80-C308503DC6F8} = {F242C5B4-A12E-4F3A-AC59-5F4AA36CDC5F}
	EndGlobalSection
	GlobalSection(ExtensibilityGlobals) = postSolution
		SolutionGuid = {37EA5ADC-7C7E-40FC-B578-EF650F8B4D88}
	EndGlobalSection
EndGlobal
